{
  "name": "dh-player",
  "version": "0.1.0",
  "lockfileVersion": 2,
  "requires": true,
  "packages": {
    "": {
      "name": "dh-player",
      "version": "0.1.0",
      "license": "SEE LICENSE IN COPYRIGHT.md",
      "dependencies": {
        "flowplayer": "^7.2.7",
        "jquery.facebox": "^1.4.1"
      }
    },
    "node_modules/flowplayer": {
      "version": "7.2.7",
      "resolved": "https://registry.npmjs.org/flowplayer/-/flowplayer-7.2.7.tgz",
      "integrity": "sha512-oC7VUewSAd0gXSsl7+zD/KLqQDCg0RzW/CXVklaa3geR9E1hE1h5FylV9PF2xmxaL6PDgrMfcnaKnD9MqiUobQ=="
    },
    "node_modules/jquery": {
      "version": "3.6.0",
      "resolved": "https://registry.npmjs.org/jquery/-/jquery-3.6.0.tgz",
      "integrity": "sha512-JVzAR/AjBvVt2BmYhxRCSYysDsPcssdmTFnzyLEts9qNwmjmu4JTAMYubEfwVOSwpQ1I1sKKFcxhZCI2buerfw=="
    },
    "node_modules/jquery.facebox": {
      "version": "1.4.1",
      "resolved": "https://registry.npmjs.org/jquery.facebox/-/jquery.facebox-1.4.1.tgz",
      "integrity": "sha1-hyi4o7+yAxeRsT/twKkKsUP6ixI=",
      "dependencies": {
        "jquery": ">=1.4.2"
      }
    }
  },
  "dependencies": {
    "flowplayer": {
      "version": "7.2.7",
      "resolved": "https://registry.npmjs.org/flowplayer/-/flowplayer-7.2.7.tgz",
      "integrity": "sha512-oC7VUewSAd0gXSsl7+zD/KLqQDCg0RzW/CXVklaa3geR9E1hE1h5FylV9PF2xmxaL6PDgrMfcnaKnD9MqiUobQ=="
    },
    "jquery": {
      "version": "3.6.0",
      "resolved": "https://registry.npmjs.org/jquery/-/jquery-3.6.0.tgz",
      "integrity": "sha512-JVzAR/AjBvVt2BmYhxRCSYysDsPcssdmTFnzyLEts9qNwmjmu4JTAMYubEfwVOSwpQ1I1sKKFcxhZCI2buerfw=="
    },
    "jquery.facebox": {
      "version": "1.4.1",
      "resolved": "https://registry.npmjs.org/jquery.facebox/-/jquery.facebox-1.4.1.tgz",
      "integrity": "sha1-hyi4o7+yAxeRsT/twKkKsUP6ixI=",
      "requires": {
        "jquery": ">=1.4.2"
      }
    }
  }
}
