# THIS IS AN AUTOGENERATED FILE. DO NOT EDIT THIS FILE DIRECTLY.
# yarn lockfile v1


flowplayer@^7.2.7:
  version "7.2.7"
  resolved "https://registry.yarnpkg.com/flowplayer/-/flowplayer-7.2.7.tgz#6386390feb80e88296b83a38c4d8969c175f691e"
  integrity sha512-oC7VUewSAd0gXSsl7+zD/KLqQDCg0RzW/CXVklaa3geR9E1hE1h5FylV9PF2xmxaL6PDgrMfcnaKnD9MqiUobQ==

jquery.facebox@^1.4.1:
  version "1.4.1"
  resolved "https://registry.yarnpkg.com/jquery.facebox/-/jquery.facebox-1.4.1.tgz#8728b8a3bfb2031791b13fedc0a90ab143fa8b12"
  integrity sha1-hyi4o7+yAxeRsT/twKkKsUP6ixI=
  dependencies:
    jquery ">=1.4.2"

jquery@>=1.4.2:
  version "3.6.0"
  resolved "https://registry.yarnpkg.com/jquery/-/jquery-3.6.0.tgz#c72a09f15c1bdce142f49dbf1170bdf8adac2470"
  integrity sha512-JVzAR/AjBvVt2BmYhxRCSYysDsPcssdmTFnzyLEts9qNwmjmu4JTAMYubEfwVOSwpQ1I1sKKFcxhZCI2buerfw==
